
Microsoft Visual Studio Solution File, Format Version 12.00
# Visual Studio Version 17
VisualStudioVersion = 17.5.33530.505
MinimumVisualStudioVersion = 10.0.40219.1
Project("{FAE04EC0-301F-11D3-BF4B-00C04F79EFBC}") = "Laba2_Markaryan", "Laba2_Markaryan.csproj", "{84F6FADE-1EBB-428A-BCCC-7964507E830C}"
EndProject
Global
	GlobalSection(SolutionConfigurationPlatforms) = preSolution
		Debug|Any CPU = Debug|Any CPU
		Release|Any CPU = Release|Any CPU
	EndGlobalSection
	GlobalSection(ProjectConfigurationPlatforms) = postSolution
		{84F6FADE-1EBB-428A-BCCC-7964507E830C}.Debug|Any CPU.ActiveCfg = Debug|Any CPU
		{84F6FADE-1EBB-428A-BCCC-7964507E830C}.Debug|Any CPU.Build.0 = Debug|Any CPU
		{84F6FADE-1EBB-428A-BCCC-7964507E830C}.Release|Any CPU.ActiveCfg = Release|Any CPU
		{84F6FADE-1EBB-428A-BCCC-7964507E830C}.Release|Any CPU.Build.0 = Release|Any CPU
	EndGlobalSection
	GlobalSection(SolutionProperties) = preSolution
		HideSolutionNode = FALSE
	EndGlobalSection
	GlobalSection(ExtensibilityGlobals) = postSolution
		SolutionGuid = {F629DB4F-7418-4D70-94C6-908C879ACC2B}
	EndGlobalSection
EndGlobal
